# This file is autogenerated, do not edit; changes may be undone by the next 'dep ensure'.


[[projects]]
  digest = "1:6578be68c3799d5034699b77b709672e5bd4e9f5f39052b96abb53ff3c4e085e"
  name = "github.com/SKF/go-utility"
  packages = [
    "grpc-interceptor/requestid",
    "log",
    "uuid",
  ]
  pruneopts = "UT"
  revision = "392196726f0ecda99d1bc18617e300080e34b454"
  version = "20180802"

[[projects]]
  digest = "1:5d1b5a25486fc7d4e133646d834f6fca7ba1cef9903d40e7aa786c41b89e9e91"
  name = "github.com/golang/protobuf"
  packages = [
    "proto",
    "protoc-gen-go/descriptor",
    "ptypes",
    "ptypes/any",
    "ptypes/duration",
    "ptypes/timestamp",
  ]
  pruneopts = "UT"
  revision = "aa810b61a9c79d51363740d207bb46cf8e620ed5"
  version = "v1.2.0"

[[projects]]
  digest = "1:8f8811f9be822914c3a25c6a071e93beb4c805d7b026cbf298bc577bc1cc945b"
  name = "github.com/google/uuid"
  packages = ["."]
  pruneopts = "UT"
  revision = "064e2069ce9c359c118179501254f67d7d37ba24"
  version = "0.2"

[[projects]]
  digest = "1:c805a0558c867a671fc2dd1c6134b92a4d15c3fee5803abc70fdabdcb683ea0b"
  name = "github.com/grpc-ecosystem/go-grpc-middleware"
  packages = [
    ".",
    "tags",
  ]
  pruneopts = "UT"
  revision = "c250d6563d4d4c20252cd865923440e829844f4e"
  version = "v1.0.0"

[[projects]]
  branch = "master"
  digest = "1:1b38c2fb861ca02b8da61a0c9b6e3a1436f41bc308bd258cabd0a928f0d45d0c"
  name = "github.com/johntdyer/slack-go"
  packages = ["."]
  pruneopts = "UT"
  revision = "95fac1160b220c5abcf8b0ef88e9c3cb213c09f4"

[[projects]]
  digest = "1:96b1549f68b1172b79923a91be484ec4613c2647129227ee720e51fbaee95282"
  name = "github.com/johntdyer/slackrus"
  packages = ["."]
  pruneopts = "UT"
  revision = "3992f319fd0ac349483279ef74742cd787841cba"

[[projects]]
  branch = "feature/retry-on-stream"
  digest = "1:bc55a1f6a579790d4b78ac667a26b0d55a13fcdb00d6ea49a65bedaab34c794b"
  name = "github.com/lonnblad/go-grpc-middleware"
  packages = [
    ".",
    "recovery",
    "retry",
    "tags",
    "util/backoffutils",
    "util/metautils",
  ]
  pruneopts = "UT"
  revision = "54c89373f1e4f9e793306ae5d5996bc9acaec8a5"

[[projects]]
  digest = "1:d867dfa6751c8d7a435821ad3b736310c2ed68945d05b50fb9d23aee0540c8cc"
  name = "github.com/sirupsen/logrus"
  packages = ["."]
  pruneopts = "UT"
  revision = "3e01752db0189b9157070a0e1668a620f9a85da2"
  version = "v1.0.6"

[[projects]]
  digest = "1:38cb27d3525635c34e84e2dbc2207c37d10832776997665bf0ddaeae2c861f1f"
  name = "golang.org/x/crypto"
  packages = ["ssh/terminal"]
  pruneopts = "UT"
  revision = "5119cf507ed5294cc409c092980c7497ee5d6fd2"

[[projects]]
  branch = "master"
  digest = "1:deafe4ab271911fec7de5b693d7faae3f38796d9eb8622e2b9e7df42bb3dfea9"
  name = "golang.org/x/net"
  packages = [
    "context",
    "http/httpguts",
    "http2",
    "http2/hpack",
    "idna",
    "internal/timeseries",
    "trace",
  ]
  pruneopts = "UT"
  revision = "922f4815f713f213882e8ef45e0d315b164d705c"

[[projects]]
  digest = "1:2455630696ece2771aab91b25300a375df10b948d43d1b565feda5d89afd2bde"
  name = "golang.org/x/sys"
  packages = [
    "unix",
    "windows",
  ]
  pruneopts = "UT"
  revision = "acbc56fc7007d2a01796d5bde54f39e3b3e95945"

[[projects]]
  digest = "1:a2ab62866c75542dd18d2b069fec854577a20211d7c0ea6ae746072a1dccdd18"
  name = "golang.org/x/text"
  packages = [
    "collate",
    "collate/build",
    "internal/colltab",
    "internal/gen",
    "internal/tag",
    "internal/triegen",
    "internal/ucd",
    "language",
    "secure/bidirule",
    "transform",
    "unicode/bidi",
    "unicode/cldr",
    "unicode/norm",
    "unicode/rangetable",
  ]
  pruneopts = "UT"
  revision = "e19ae1496984b1c655b8044a65c0300a3c878dd3"

[[projects]]
  digest = "1:cd018653a358d4b743a9d3bee89e825521f2ab2f2ec0770164bf7632d8d73ab7"
  name = "google.golang.org/genproto"
  packages = ["googleapis/rpc/status"]
  pruneopts = "UT"
  revision = "a8101f21cf983e773d0c1133ebc5424792003214"

[[projects]]
  digest = "1:76332e947f184a2dc091db40f22c7089ada36bbc577793074639695af85a10fd"
  name = "google.golang.org/grpc"
  packages = [
    ".",
    "balancer",
    "balancer/base",
    "balancer/roundrobin",
    "codes",
    "connectivity",
    "credentials",
    "encoding",
    "encoding/proto",
    "grpclog",
    "internal",
    "internal/backoff",
    "internal/channelz",
    "internal/envconfig",
    "internal/grpcrand",
    "internal/transport",
    "keepalive",
    "metadata",
    "naming",
    "peer",
    "reflection",
    "reflection/grpc_reflection_v1alpha",
    "resolver",
    "resolver/dns",
    "resolver/passthrough",
    "stats",
    "status",
    "tap",
  ]
  pruneopts = "UT"
  revision = "32fb0ac620c32ba40a4626ddf94d90d12cce3455"
  version = "v1.14.0"

[solve-meta]
  analyzer-name = "dep"
  analyzer-version = 1
  input-imports = [
    "github.com/SKF/go-utility/grpc-interceptor/requestid",
    "github.com/SKF/go-utility/log",
    "github.com/golang/protobuf/proto",
    "github.com/lonnblad/go-grpc-middleware",
    "github.com/lonnblad/go-grpc-middleware/recovery",
    "github.com/lonnblad/go-grpc-middleware/retry",
    "github.com/lonnblad/go-grpc-middleware/tags",
    "golang.org/x/net/context",
    "google.golang.org/grpc",
    "google.golang.org/grpc/codes",
    "google.golang.org/grpc/keepalive",
    "google.golang.org/grpc/reflection",
    "google.golang.org/grpc/stats",
    "google.golang.org/grpc/status",
  ]
  solver-name = "gps-cdcl"
  solver-version = 1
